// !$*UTF8*$!
{
	archiveVersion = 1;
	classes = {
	};
	objectVersion = 46;
	objects = {

/* Begin PBXBuildFile section */
		6541E8F2CA07C62886A7C4E2 /* Pods.framework in Frameworks */ = {isa = PBXBuildFile; fileRef = 6026C0A486E4E17BD842665F /* Pods.framework */; };
		B23E08481CC3B42E00AA0C95 /* ChooseTestTableViewController.swift in Sources */ = {isa = PBXBuildFile; fileRef = B23E08471CC3B42E00AA0C95 /* ChooseTestTableViewController.swift */; };
		B24AA1881CC6738D001B67D3 /* backItemImage@2x.png in Resources */ = {isa = PBXBuildFile; fileRef = B24AA17D1CC6738D001B67D3 /* backItemImage@2x.png */; };
		B24AA1891CC6738D001B67D3 /* backItemImage_hl@2x.png in Resources */ = {isa = PBXBuildFile; fileRef = B24AA17E1CC6738D001B67D3 /* backItemImage_hl@2x.png */; };
		B24AA18A1CC6738D001B67D3 /* NJKWebViewProgress.m in Sources */ = {isa = PBXBuildFile; fileRef = B24AA1811CC6738D001B67D3 /* NJKWebViewProgress.m */; };
		B24AA18B1CC6738D001B67D3 /* NJKWebViewProgressView.m in Sources */ = {isa = PBXBuildFile; fileRef = B24AA1831CC6738D001B67D3 /* NJKWebViewProgressView.m */; };
		B24AA18C1CC6738D001B67D3 /* RxWebViewController.m in Sources */ = {isa = PBXBuildFile; fileRef = B24AA1851CC6738D001B67D3 /* RxWebViewController.m */; };
		B24AA18D1CC6738D001B67D3 /* RxWebViewNavigationViewController.m in Sources */ = {isa = PBXBuildFile; fileRef = B24AA1871CC6738D001B67D3 /* RxWebViewNavigationViewController.m */; };
		B24B8F791CCB50320082E944 /* TeamViewController.swift in Sources */ = {isa = PBXBuildFile; fileRef = B24B8F781CCB50320082E944 /* TeamViewController.swift */; };
		B252C0A21CC9CD2F00CBBB68 /* BookTipsTableViewCell.swift in Sources */ = {isa = PBXBuildFile; fileRef = B252C0A11CC9CD2F00CBBB68 /* BookTipsTableViewCell.swift */; };
		B252C0A41CC9FECA00CBBB68 /* BookTipsDetailViewController.swift in Sources */ = {isa = PBXBuildFile; fileRef = B252C0A31CC9FECA00CBBB68 /* BookTipsDetailViewController.swift */; };
		B252C0A71CCA011300CBBB68 /* TipsText.json in Resources */ = {isa = PBXBuildFile; fileRef = B252C0A61CCA011300CBBB68 /* TipsText.json */; };
		B252C0A91CCA1B1E00CBBB68 /* VideoCollectionViewCell.swift in Sources */ = {isa = PBXBuildFile; fileRef = B252C0A81CCA1B1E00CBBB68 /* VideoCollectionViewCell.swift */; };
		B252C0AB1CCA259100CBBB68 /* CollectionHeaderView.swift in Sources */ = {isa = PBXBuildFile; fileRef = B252C0AA1CCA259100CBBB68 /* CollectionHeaderView.swift */; };
		B252C0AF1CCA4F6900CBBB68 /* shipin.mp4 in Resources */ = {isa = PBXBuildFile; fileRef = B252C0AE1CCA4DC500CBBB68 /* shipin.mp4 */; };
		B252C0B11CCA6EFE00CBBB68 /* SimulationExamViewController.swift in Sources */ = {isa = PBXBuildFile; fileRef = B252C0B01CCA6EFE00CBBB68 /* SimulationExamViewController.swift */; };
		B252C0B31CCB0C5300CBBB68 /* ExamScoreViewController.swift in Sources */ = {isa = PBXBuildFile; fileRef = B252C0B21CCB0C5300CBBB68 /* ExamScoreViewController.swift */; };
		B252C0B61CCB390400CBBB68 /* NotificationViewController.swift in Sources */ = {isa = PBXBuildFile; fileRef = B252C0B51CCB390400CBBB68 /* NotificationViewController.swift */; };
		B2D43F2A1CC3CDFC003519EC /* DataBaseManager.swift in Sources */ = {isa = PBXBuildFile; fileRef = B2D43F291CC3CDFC003519EC /* DataBaseManager.swift */; };
		B2D43F2C1CC3D141003519EC /* SubjectName.swift in Sources */ = {isa = PBXBuildFile; fileRef = B2D43F2B1CC3D141003519EC /* SubjectName.swift */; };
		B2D43F2E1CC3D164003519EC /* Answer.swift in Sources */ = {isa = PBXBuildFile; fileRef = B2D43F2D1CC3D164003519EC /* Answer.swift */; };
		B2D43F301CC3D186003519EC /* SubChapter.swift in Sources */ = {isa = PBXBuildFile; fileRef = B2D43F2F1CC3D186003519EC /* SubChapter.swift */; };
		B2D43F321CC3DA5F003519EC /* data.sqlite in Resources */ = {isa = PBXBuildFile; fileRef = B2D43F311CC3D82F003519EC /* data.sqlite */; };
		B2D43F341CC3E46F003519EC /* ChooseChapterTableViewController.swift in Sources */ = {isa = PBXBuildFile; fileRef = B2D43F331CC3E46F003519EC /* ChooseChapterTableViewController.swift */; };
		B2D43F361CC46CB4003519EC /* UIColor+Extension.swift in Sources */ = {isa = PBXBuildFile; fileRef = B2D43F351CC46CB4003519EC /* UIColor+Extension.swift */; };
		B2D43F381CC46E5B003519EC /* ChooseChapterTableViewCell.swift in Sources */ = {isa = PBXBuildFile; fileRef = B2D43F371CC46E5B003519EC /* ChooseChapterTableViewCell.swift */; };
		B2D43F3A1CC4768A003519EC /* TestScrollView.swift in Sources */ = {isa = PBXBuildFile; fileRef = B2D43F391CC4768A003519EC /* TestScrollView.swift */; };
		B2D43F3D1CC489AF003519EC /* UIChooseAnswerTableViewCell.swift in Sources */ = {isa = PBXBuildFile; fileRef = B2D43F3B1CC489AF003519EC /* UIChooseAnswerTableViewCell.swift */; };
		B2D43F3E1CC489AF003519EC /* UIChooseAnswerTableViewCell.xib in Resources */ = {isa = PBXBuildFile; fileRef = B2D43F3C1CC489AF003519EC /* UIChooseAnswerTableViewCell.xib */; };
		B2D43F401CC4959C003519EC /* AnswerManager.swift in Sources */ = {isa = PBXBuildFile; fileRef = B2D43F3F1CC4959C003519EC /* AnswerManager.swift */; };
		B2D43F421CC4A2EA003519EC /* MainTestViewController.swift in Sources */ = {isa = PBXBuildFile; fileRef = B2D43F411CC4A2EA003519EC /* MainTestViewController.swift */; };
		B2D43F5B1CC4D96F003519EC /* UIView+Frame.m in Sources */ = {isa = PBXBuildFile; fileRef = B2D43F531CC4D96F003519EC /* UIView+Frame.m */; };
		B2D43F5C1CC4D96F003519EC /* YZDisplayTitleLabel.m in Sources */ = {isa = PBXBuildFile; fileRef = B2D43F551CC4D96F003519EC /* YZDisplayTitleLabel.m */; };
		B2D43F5D1CC4D96F003519EC /* YZDisplayViewController.m in Sources */ = {isa = PBXBuildFile; fileRef = B2D43F571CC4D96F003519EC /* YZDisplayViewController.m */; };
		B2D43F5E1CC4D96F003519EC /* YZFlowLayout.m in Sources */ = {isa = PBXBuildFile; fileRef = B2D43F5A1CC4D96F003519EC /* YZFlowLayout.m */; };
		B2D43F601CC4D9B6003519EC /* MainViewController.swift in Sources */ = {isa = PBXBuildFile; fileRef = B2D43F5F1CC4D9B6003519EC /* MainViewController.swift */; };
		B2D43F661CC4DB40003519EC /* VideoViewController.swift in Sources */ = {isa = PBXBuildFile; fileRef = B2D43F651CC4DB40003519EC /* VideoViewController.swift */; };
		B2D43F681CC4DB4D003519EC /* BookTipsController.swift in Sources */ = {isa = PBXBuildFile; fileRef = B2D43F671CC4DB4D003519EC /* BookTipsController.swift */; };
		B2D43F6A1CC4DB56003519EC /* MyChartsViewController.swift in Sources */ = {isa = PBXBuildFile; fileRef = B2D43F691CC4DB56003519EC /* MyChartsViewController.swift */; };
		B2E41F531CC29A4F006C541F /* AppDelegate.swift in Sources */ = {isa = PBXBuildFile; fileRef = B2E41F521CC29A4F006C541F /* AppDelegate.swift */; };
		B2E41F581CC29A4F006C541F /* Main.storyboard in Resources */ = {isa = PBXBuildFile; fileRef = B2E41F561CC29A4F006C541F /* Main.storyboard */; };
		B2E41F5A1CC29A4F006C541F /* Assets.xcassets in Resources */ = {isa = PBXBuildFile; fileRef = B2E41F591CC29A4F006C541F /* Assets.xcassets */; };
		B2E41F5D1CC29A4F006C541F /* LaunchScreen.storyboard in Resources */ = {isa = PBXBuildFile; fileRef = B2E41F5B1CC29A4F006C541F /* LaunchScreen.storyboard */; };
		B2E41F681CC29A4F006C541F /* _____Tests.swift in Sources */ = {isa = PBXBuildFile; fileRef = B2E41F671CC29A4F006C541F /* _____Tests.swift */; };
		B2E41F731CC29A4F006C541F /* _____UITests.swift in Sources */ = {isa = PBXBuildFile; fileRef = B2E41F721CC29A4F006C541F /* _____UITests.swift */; };
		B2E41F811CC29B2D006C541F /* HomeViewController.swift in Sources */ = {isa = PBXBuildFile; fileRef = B2E41F801CC29B2D006C541F /* HomeViewController.swift */; };
		B2E41F831CC29B59006C541F /* LeftMenuViewController.swift in Sources */ = {isa = PBXBuildFile; fileRef = B2E41F821CC29B59006C541F /* LeftMenuViewController.swift */; };
/* End PBXBuildFile section */

/* Begin PBXContainerItemProxy section */
		B2E41F641CC29A4F006C541F /* PBXContainerItemProxy */ = {
			isa = PBXContainerItemProxy;
			containerPortal = B2E41F471CC29A4F006C541F /* Project object */;
			proxyType = 1;
			remoteGlobalIDString = B2E41F4E1CC29A4F006C541F;
			remoteInfo = "驾照轻松考";
		};
		B2E41F6F1CC29A4F006C541F /* PBXContainerItemProxy */ = {
			isa = PBXContainerItemProxy;
			containerPortal = B2E41F471CC29A4F006C541F /* Project object */;
			proxyType = 1;
			remoteGlobalIDString = B2E41F4E1CC29A4F006C541F;
			remoteInfo = "驾照轻松考";
		};
/* End PBXContainerItemProxy section */

/* Begin PBXFileReference section */
		30863A58341ECFE735A986A6 /* Pods.release.xcconfig */ = {isa = PBXFileReference; includeInIndex = 1; lastKnownFileType = text.xcconfig; name = Pods.release.xcconfig; path = "Pods/Target Support Files/Pods/Pods.release.xcconfig"; sourceTree = "<group>"; };
		6026C0A486E4E17BD842665F /* Pods.framework */ = {isa = PBXFileReference; explicitFileType = wrapper.framework; includeInIndex = 0; path = Pods.framework; sourceTree = BUILT_PRODUCTS_DIR; };
		B23E08471CC3B42E00AA0C95 /* ChooseTestTableViewController.swift */ = {isa = PBXFileReference; fileEncoding = 4; lastKnownFileType = sourcecode.swift; path = ChooseTestTableViewController.swift; sourceTree = "<group>"; };
		B24AA17D1CC6738D001B67D3 /* backItemImage@2x.png */ = {isa = PBXFileReference; lastKnownFileType = image.png; path = "backItemImage@2x.png"; sourceTree = "<group>"; };
		B24AA17E1CC6738D001B67D3 /* backItemImage_hl@2x.png */ = {isa = PBXFileReference; lastKnownFileType = image.png; path = "backItemImage_hl@2x.png"; sourceTree = "<group>"; };
		B24AA1801CC6738D001B67D3 /* NJKWebViewProgress.h */ = {isa = PBXFileReference; fileEncoding = 4; lastKnownFileType = sourcecode.c.h; path = NJKWebViewProgress.h; sourceTree = "<group>"; };
		B24AA1811CC6738D001B67D3 /* NJKWebViewProgress.m */ = {isa = PBXFileReference; fileEncoding = 4; lastKnownFileType = sourcecode.c.objc; path = NJKWebViewProgress.m; sourceTree = "<group>"; };
		B24AA1821CC6738D001B67D3 /* NJKWebViewProgressView.h */ = {isa = PBXFileReference; fileEncoding = 4; lastKnownFileType = sourcecode.c.h; path = NJKWebViewProgressView.h; sourceTree = "<group>"; };
		B24AA1831CC6738D001B67D3 /* NJKWebViewProgressView.m */ = {isa = PBXFileReference; fileEncoding = 4; lastKnownFileType = sourcecode.c.objc; path = NJKWebViewProgressView.m; sourceTree = "<group>"; };
		B24AA1841CC6738D001B67D3 /* RxWebViewController.h */ = {isa = PBXFileReference; fileEncoding = 4; lastKnownFileType = sourcecode.c.h; path = RxWebViewController.h; sourceTree = "<group>"; };
		B24AA1851CC6738D001B67D3 /* RxWebViewController.m */ = {isa = PBXFileReference; fileEncoding = 4; lastKnownFileType = sourcecode.c.objc; path = RxWebViewController.m; sourceTree = "<group>"; };
		B24AA1861CC6738D001B67D3 /* RxWebViewNavigationViewController.h */ = {isa = PBXFileReference; fileEncoding = 4; lastKnownFileType = sourcecode.c.h; path = RxWebViewNavigationViewController.h; sourceTree = "<group>"; };
		B24AA1871CC6738D001B67D3 /* RxWebViewNavigationViewController.m */ = {isa = PBXFileReference; fileEncoding = 4; lastKnownFileType = sourcecode.c.objc; path = RxWebViewNavigationViewController.m; sourceTree = "<group>"; };
		B24B8F781CCB50320082E944 /* TeamViewController.swift */ = {isa = PBXFileReference; fileEncoding = 4; lastKnownFileType = sourcecode.swift; path = TeamViewController.swift; sourceTree = "<group>"; };
		B252C0A11CC9CD2F00CBBB68 /* BookTipsTableViewCell.swift */ = {isa = PBXFileReference; fileEncoding = 4; lastKnownFileType = sourcecode.swift; path = BookTipsTableViewCell.swift; sourceTree = "<group>"; };
		B252C0A31CC9FECA00CBBB68 /* BookTipsDetailViewController.swift */ = {isa = PBXFileReference; fileEncoding = 4; lastKnownFileType = sourcecode.swift; path = BookTipsDetailViewController.swift; sourceTree = "<group>"; };
		B252C0A61CCA011300CBBB68 /* TipsText.json */ = {isa = PBXFileReference; fileEncoding = 4; lastKnownFileType = text.json; path = TipsText.json; sourceTree = "<group>"; };
		B252C0A81CCA1B1E00CBBB68 /* VideoCollectionViewCell.swift */ = {isa = PBXFileReference; fileEncoding = 4; lastKnownFileType = sourcecode.swift; path = VideoCollectionViewCell.swift; sourceTree = "<group>"; };
		B252C0AA1CCA259100CBBB68 /* CollectionHeaderView.swift */ = {isa = PBXFileReference; fileEncoding = 4; lastKnownFileType = sourcecode.swift; path = CollectionHeaderView.swift; sourceTree = "<group>"; };
		B252C0AE1CCA4DC500CBBB68 /* shipin.mp4 */ = {isa = PBXFileReference; lastKnownFileType = file; path = shipin.mp4; sourceTree = "<group>"; };
		B252C0B01CCA6EFE00CBBB68 /* SimulationExamViewController.swift */ = {isa = PBXFileReference; fileEncoding = 4; lastKnownFileType = sourcecode.swift; path = SimulationExamViewController.swift; sourceTree = "<group>"; };
		B252C0B21CCB0C5300CBBB68 /* ExamScoreViewController.swift */ = {isa = PBXFileReference; fileEncoding = 4; lastKnownFileType = sourcecode.swift; path = ExamScoreViewController.swift; sourceTree = "<group>"; };
		B252C0B51CCB390400CBBB68 /* NotificationViewController.swift */ = {isa = PBXFileReference; fileEncoding = 4; lastKnownFileType = sourcecode.swift; path = NotificationViewController.swift; sourceTree = "<group>"; };
		B2D43F291CC3CDFC003519EC /* DataBaseManager.swift */ = {isa = PBXFileReference; fileEncoding = 4; lastKnownFileType = sourcecode.swift; path = DataBaseManager.swift; sourceTree = "<group>"; };
		B2D43F2B1CC3D141003519EC /* SubjectName.swift */ = {isa = PBXFileReference; fileEncoding = 4; lastKnownFileType = sourcecode.swift; path = SubjectName.swift; sourceTree = "<group>"; };
		B2D43F2D1CC3D164003519EC /* Answer.swift */ = {isa = PBXFileReference; fileEncoding = 4; lastKnownFileType = sourcecode.swift; path = Answer.swift; sourceTree = "<group>"; };
		B2D43F2F1CC3D186003519EC /* SubChapter.swift */ = {isa = PBXFileReference; fileEncoding = 4; lastKnownFileType = sourcecode.swift; path = SubChapter.swift; sourceTree = "<group>"; };
		B2D43F311CC3D82F003519EC /* data.sqlite */ = {isa = PBXFileReference; lastKnownFileType = file; path = data.sqlite; sourceTree = "<group>"; };
		B2D43F331CC3E46F003519EC /* ChooseChapterTableViewController.swift */ = {isa = PBXFileReference; fileEncoding = 4; lastKnownFileType = sourcecode.swift; path = ChooseChapterTableViewController.swift; sourceTree = "<group>"; };
		B2D43F351CC46CB4003519EC /* UIColor+Extension.swift */ = {isa = PBXFileReference; fileEncoding = 4; lastKnownFileType = sourcecode.swift; path = "UIColor+Extension.swift"; sourceTree = "<group>"; };
		B2D43F371CC46E5B003519EC /* ChooseChapterTableViewCell.swift */ = {isa = PBXFileReference; fileEncoding = 4; lastKnownFileType = sourcecode.swift; path = ChooseChapterTableViewCell.swift; sourceTree = "<group>"; };
		B2D43F391CC4768A003519EC /* TestScrollView.swift */ = {isa = PBXFileReference; fileEncoding = 4; lastKnownFileType = sourcecode.swift; path = TestScrollView.swift; sourceTree = "<group>"; };
		B2D43F3B1CC489AF003519EC /* UIChooseAnswerTableViewCell.swift */ = {isa = PBXFileReference; fileEncoding = 4; lastKnownFileType = sourcecode.swift; path = UIChooseAnswerTableViewCell.swift; sourceTree = "<group>"; };
		B2D43F3C1CC489AF003519EC /* UIChooseAnswerTableViewCell.xib */ = {isa = PBXFileReference; fileEncoding = 4; lastKnownFileType = file.xib; path = UIChooseAnswerTableViewCell.xib; sourceTree = "<group>"; };
		B2D43F3F1CC4959C003519EC /* AnswerManager.swift */ = {isa = PBXFileReference; fileEncoding = 4; lastKnownFileType = sourcecode.swift; path = AnswerManager.swift; sourceTree = "<group>"; };
		B2D43F411CC4A2EA003519EC /* MainTestViewController.swift */ = {isa = PBXFileReference; fileEncoding = 4; lastKnownFileType = sourcecode.swift; path = MainTestViewController.swift; sourceTree = "<group>"; };
		B2D43F4C1CC4D717003519EC /* Swift-Bridge.h */ = {isa = PBXFileReference; lastKnownFileType = sourcecode.c.h; path = "Swift-Bridge.h"; sourceTree = "<group>"; };
		B2D43F521CC4D96F003519EC /* UIView+Frame.h */ = {isa = PBXFileReference; fileEncoding = 4; lastKnownFileType = sourcecode.c.h; path = "UIView+Frame.h"; sourceTree = "<group>"; };
		B2D43F531CC4D96F003519EC /* UIView+Frame.m */ = {isa = PBXFileReference; fileEncoding = 4; lastKnownFileType = sourcecode.c.objc; path = "UIView+Frame.m"; sourceTree = "<group>"; };
		B2D43F541CC4D96F003519EC /* YZDisplayTitleLabel.h */ = {isa = PBXFileReference; fileEncoding = 4; lastKnownFileType = sourcecode.c.h; path = YZDisplayTitleLabel.h; sourceTree = "<group>"; };
		B2D43F551CC4D96F003519EC /* YZDisplayTitleLabel.m */ = {isa = PBXFileReference; fileEncoding = 4; lastKnownFileType = sourcecode.c.objc; path = YZDisplayTitleLabel.m; sourceTree = "<group>"; };
		B2D43F561CC4D96F003519EC /* YZDisplayViewController.h */ = {isa = PBXFileReference; fileEncoding = 4; lastKnownFileType = sourcecode.c.h; path = YZDisplayViewController.h; sourceTree = "<group>"; };
		B2D43F571CC4D96F003519EC /* YZDisplayViewController.m */ = {isa = PBXFileReference; fileEncoding = 4; lastKnownFileType = sourcecode.c.objc; path = YZDisplayViewController.m; sourceTree = "<group>"; };
		B2D43F581CC4D96F003519EC /* YZDisplayViewHeader.h */ = {isa = PBXFileReference; fileEncoding = 4; lastKnownFileType = sourcecode.c.h; path = YZDisplayViewHeader.h; sourceTree = "<group>"; };
		B2D43F591CC4D96F003519EC /* YZFlowLayout.h */ = {isa = PBXFileReference; fileEncoding = 4; lastKnownFileType = sourcecode.c.h; path = YZFlowLayout.h; sourceTree = "<group>"; };
		B2D43F5A1CC4D96F003519EC /* YZFlowLayout.m */ = {isa = PBXFileReference; fileEncoding = 4; lastKnownFileType = sourcecode.c.objc; path = YZFlowLayout.m; sourceTree = "<group>"; };
		B2D43F5F1CC4D9B6003519EC /* MainViewController.swift */ = {isa = PBXFileReference; fileEncoding = 4; lastKnownFileType = sourcecode.swift; path = MainViewController.swift; sourceTree = "<group>"; };
		B2D43F651CC4DB40003519EC /* VideoViewController.swift */ = {isa = PBXFileReference; fileEncoding = 4; lastKnownFileType = sourcecode.swift; path = VideoViewController.swift; sourceTree = "<group>"; };
		B2D43F671CC4DB4D003519EC /* BookTipsController.swift */ = {isa = PBXFileReference; fileEncoding = 4; lastKnownFileType = sourcecode.swift; path = BookTipsController.swift; sourceTree = "<group>"; };
		B2D43F691CC4DB56003519EC /* MyChartsViewController.swift */ = {isa = PBXFileReference; fileEncoding = 4; lastKnownFileType = sourcecode.swift; path = MyChartsViewController.swift; sourceTree = "<group>"; };
		B2E41F4F1CC29A4F006C541F /* 驾照轻松考.app */ = {isa = PBXFileReference; explicitFileType = wrapper.application; includeInIndex = 0; path = "驾照轻松考.app"; sourceTree = BUILT_PRODUCTS_DIR; };
		B2E41F521CC29A4F006C541F /* AppDelegate.swift */ = {isa = PBXFileReference; lastKnownFileType = sourcecode.swift; path = AppDelegate.swift; sourceTree = "<group>"; };
		B2E41F571CC29A4F006C541F /* Base */ = {isa = PBXFileReference; lastKnownFileType = file.storyboard; name = Base; path = Base.lproj/Main.storyboard; sourceTree = "<group>"; };
		B2E41F591CC29A4F006C541F /* Assets.xcassets */ = {isa = PBXFileReference; lastKnownFileType = folder.assetcatalog; path = Assets.xcassets; sourceTree = "<group>"; };
		B2E41F5C1CC29A4F006C541F /* Base */ = {isa = PBXFileReference; lastKnownFileType = file.storyboard; name = Base; path = Base.lproj/LaunchScreen.storyboard; sourceTree = "<group>"; };
		B2E41F5E1CC29A4F006C541F /* Info.plist */ = {isa = PBXFileReference; lastKnownFileType = text.plist.xml; path = Info.plist; sourceTree = "<group>"; };
		B2E41F631CC29A4F006C541F /* 驾照轻松考Tests.xctest */ = {isa = PBXFileReference; explicitFileType = wrapper.cfbundle; includeInIndex = 0; path = "驾照轻松考Tests.xctest"; sourceTree = BUILT_PRODUCTS_DIR; };
		B2E41F671CC29A4F006C541F /* _____Tests.swift */ = {isa = PBXFileReference; lastKnownFileType = sourcecode.swift; path = "_____Tests.swift"; sourceTree = "<group>"; };
		B2E41F691CC29A4F006C541F /* Info.plist */ = {isa = PBXFileReference; lastKnownFileType = text.plist.xml; path = Info.plist; sourceTree = "<group>"; };
		B2E41F6E1CC29A4F006C541F /* 驾照轻松考UITests.xctest */ = {isa = PBXFileReference; explicitFileType = wrapper.cfbundle; includeInIndex = 0; path = "驾照轻松考UITests.xctest"; sourceTree = BUILT_PRODUCTS_DIR; };
		B2E41F721CC29A4F006C541F /* _____UITests.swift */ = {isa = PBXFileReference; lastKnownFileType = sourcecode.swift; path = "_____UITests.swift"; sourceTree = "<group>"; };
		B2E41F741CC29A4F006C541F /* Info.plist */ = {isa = PBXFileReference; lastKnownFileType = text.plist.xml; path = Info.plist; sourceTree = "<group>"; };
		B2E41F801CC29B2D006C541F /* HomeViewController.swift */ = {isa = PBXFileReference; fileEncoding = 4; lastKnownFileType = sourcecode.swift; path = HomeViewController.swift; sourceTree = "<group>"; };
		B2E41F821CC29B59006C541F /* LeftMenuViewController.swift */ = {isa = PBXFileReference; fileEncoding = 4; lastKnownFileType = sourcecode.swift; path = LeftMenuViewController.swift; sourceTree = "<group>"; };
		EBE24CE784EF51AE17B64BAA /* Pods.debug.xcconfig */ = {isa = PBXFileReference; includeInIndex = 1; lastKnownFileType = text.xcconfig; name = Pods.debug.xcconfig; path = "Pods/Target Support Files/Pods/Pods.debug.xcconfig"; sourceTree = "<group>"; };
/* End PBXFileReference section */

/* Begin PBXFrameworksBuildPhase section */
		B2E41F4C1CC29A4F006C541F /* Frameworks */ = {
			isa = PBXFrameworksBuildPhase;
			buildActionMask = 2147483647;
			files = (
				6541E8F2CA07C62886A7C4E2 /* Pods.framework in Frameworks */,
			);
			runOnlyForDeploymentPostprocessing = 0;
		};
		B2E41F601CC29A4F006C541F /* Frameworks */ = {
			isa = PBXFrameworksBuildPhase;
			buildActionMask = 2147483647;
			files = (
			);
			runOnlyForDeploymentPostprocessing = 0;
		};
		B2E41F6B1CC29A4F006C541F /* Frameworks */ = {
			isa = PBXFrameworksBuildPhase;
			buildActionMask = 2147483647;
			files = (
			);
			runOnlyForDeploymentPostprocessing = 0;
		};
/* End PBXFrameworksBuildPhase section */

/* Begin PBXGroup section */
		B24AA17C1CC6738D001B67D3 /* RxWebViewController */ = {
			isa = PBXGroup;
			children = (
				B24AA17D1CC6738D001B67D3 /* backItemImage@2x.png */,
				B24AA17E1CC6738D001B67D3 /* backItemImage_hl@2x.png */,
				B24AA17F1CC6738D001B67D3 /* NJKWebViewProgress */,
				B24AA1841CC6738D001B67D3 /* RxWebViewController.h */,
				B24AA1851CC6738D001B67D3 /* RxWebViewController.m */,
				B24AA1861CC6738D001B67D3 /* RxWebViewNavigationViewController.h */,
				B24AA1871CC6738D001B67D3 /* RxWebViewNavigationViewController.m */,
			);
			path = RxWebViewController;
			sourceTree = "<group>";
		};
		B24AA17F1CC6738D001B67D3 /* NJKWebViewProgress */ = {
			isa = PBXGroup;
			children = (
				B24AA1801CC6738D001B67D3 /* NJKWebViewProgress.h */,
				B24AA1811CC6738D001B67D3 /* NJKWebViewProgress.m */,
				B24AA1821CC6738D001B67D3 /* NJKWebViewProgressView.h */,
				B24AA1831CC6738D001B67D3 /* NJKWebViewProgressView.m */,
			);
			path = NJKWebViewProgress;
			sourceTree = "<group>";
		};
		B24B8F771CCB501E0082E944 /* Team-小组模块 */ = {
			isa = PBXGroup;
			children = (
				B24B8F781CCB50320082E944 /* TeamViewController.swift */,
			);
			name = "Team-小组模块";
			sourceTree = "<group>";
		};
		B24B8F7A1CCB65750082E944 /* Lib */ = {
			isa = PBXGroup;
			children = (
				B2D43F511CC4D96F003519EC /* YZDisplayViewController */,
				B24AA17C1CC6738D001B67D3 /* RxWebViewController */,
			);
			name = Lib;
			sourceTree = "<group>";
		};
		B24B8F7B1CCB657F0082E944 /* DataBase */ = {
			isa = PBXGroup;
			children = (
				B2D43F311CC3D82F003519EC /* data.sqlite */,
			);
			name = DataBase;
			sourceTree = "<group>";
		};
		B24B8F7C1CCB65A00082E944 /* Controller */ = {
			isa = PBXGroup;
			children = (
				B2D43F651CC4DB40003519EC /* VideoViewController.swift */,
			);
			name = Controller;
			sourceTree = "<group>";
		};
		B24B8F7D1CCB65AC0082E944 /* View */ = {
			isa = PBXGroup;
			children = (
				B252C0A81CCA1B1E00CBBB68 /* VideoCollectionViewCell.swift */,
				B252C0AA1CCA259100CBBB68 /* CollectionHeaderView.swift */,
			);
			name = View;
			sourceTree = "<group>";
		};
		B24B8F7E1CCB65F60082E944 /* Controller */ = {
			isa = PBXGroup;
			children = (
				B2D43F671CC4DB4D003519EC /* BookTipsController.swift */,
				B252C0A31CC9FECA00CBBB68 /* BookTipsDetailViewController.swift */,
			);
			name = Controller;
			sourceTree = "<group>";
		};
		B24B8F7F1CCB66010082E944 /* View */ = {
			isa = PBXGroup;
			children = (
				B252C0A11CC9CD2F00CBBB68 /* BookTipsTableViewCell.swift */,
			);
			name = View;
			sourceTree = "<group>";
		};
		B2D43F1F1CC3CD5F003519EC /* Test-主答题模块 */ = {
			isa = PBXGroup;
			children = (
				B2D43F221CC3CD8D003519EC /* Model */,
				B2D43F211CC3CD87003519EC /* View */,
				B2D43F201CC3CD80003519EC /* Controller */,
			);
			name = "Test-主答题模块";
			sourceTree = "<group>";
		};
		B2D43F201CC3CD80003519EC /* Controller */ = {
			isa = PBXGroup;
			children = (
				B2E41F801CC29B2D006C541F /* HomeViewController.swift */,
				B23E08471CC3B42E00AA0C95 /* ChooseTestTableViewController.swift */,
				B2D43F331CC3E46F003519EC /* ChooseChapterTableViewController.swift */,
				B2D43F411CC4A2EA003519EC /* MainTestViewController.swift */,
				B252C0B01CCA6EFE00CBBB68 /* SimulationExamViewController.swift */,
				B252C0B21CCB0C5300CBBB68 /* ExamScoreViewController.swift */,
			);
			name = Controller;
			sourceTree = "<group>";
		};
		B2D43F211CC3CD87003519EC /* View */ = {
			isa = PBXGroup;
			children = (
				B2D43F371CC46E5B003519EC /* ChooseChapterTableViewCell.swift */,
				B2D43F391CC4768A003519EC /* TestScrollView.swift */,
				B2D43F3B1CC489AF003519EC /* UIChooseAnswerTableViewCell.swift */,
				B2D43F3C1CC489AF003519EC /* UIChooseAnswerTableViewCell.xib */,
			);
			name = View;
			sourceTree = "<group>";
		};
		B2D43F221CC3CD8D003519EC /* Model */ = {
			isa = PBXGroup;
			children = (
				B2D43F2B1CC3D141003519EC /* SubjectName.swift */,
				B2D43F2D1CC3D164003519EC /* Answer.swift */,
				B2D43F2F1CC3D186003519EC /* SubChapter.swift */,
			);
			name = Model;
			sourceTree = "<group>";
		};
		B2D43F231CC3CD9A003519EC /* Resource */ = {
			isa = PBXGroup;
			children = (
				B24B8F7B1CCB657F0082E944 /* DataBase */,
				B24B8F7A1CCB65750082E944 /* Lib */,
				B252C0A61CCA011300CBBB68 /* TipsText.json */,
				B252C0AE1CCA4DC500CBBB68 /* shipin.mp4 */,
				B2D43F4C1CC4D717003519EC /* Swift-Bridge.h */,
			);
			name = Resource;
			sourceTree = "<group>";
		};
		B2D43F261CC3CDB6003519EC /* Tools */ = {
			isa = PBXGroup;
			children = (
				B2D43F351CC46CB4003519EC /* UIColor+Extension.swift */,
				B2D43F291CC3CDFC003519EC /* DataBaseManager.swift */,
				B2D43F3F1CC4959C003519EC /* AnswerManager.swift */,
			);
			name = Tools;
			sourceTree = "<group>";
		};
		B2D43F271CC3CDBB003519EC /* Main */ = {
			isa = PBXGroup;
			children = (
				B2E41F821CC29B59006C541F /* LeftMenuViewController.swift */,
				B252C0B51CCB390400CBBB68 /* NotificationViewController.swift */,
				B2D43F5F1CC4D9B6003519EC /* MainViewController.swift */,
			);
			name = Main;
			sourceTree = "<group>";
		};
		B2D43F511CC4D96F003519EC /* YZDisplayViewController */ = {
			isa = PBXGroup;
			children = (
				B2D43F521CC4D96F003519EC /* UIView+Frame.h */,
				B2D43F531CC4D96F003519EC /* UIView+Frame.m */,
				B2D43F541CC4D96F003519EC /* YZDisplayTitleLabel.h */,
				B2D43F551CC4D96F003519EC /* YZDisplayTitleLabel.m */,
				B2D43F561CC4D96F003519EC /* YZDisplayViewController.h */,
				B2D43F571CC4D96F003519EC /* YZDisplayViewController.m */,
				B2D43F581CC4D96F003519EC /* YZDisplayViewHeader.h */,
				B2D43F591CC4D96F003519EC /* YZFlowLayout.h */,
				B2D43F5A1CC4D96F003519EC /* YZFlowLayout.m */,
			);
			path = YZDisplayViewController;
			sourceTree = "<group>";
		};
		B2D43F611CC4DAFE003519EC /* Video-视频模块 */ = {
			isa = PBXGroup;
			children = (
				B24B8F7D1CCB65AC0082E944 /* View */,
				B24B8F7C1CCB65A00082E944 /* Controller */,
			);
			name = "Video-视频模块";
			sourceTree = "<group>";
		};
		B2D43F621CC4DB0D003519EC /* BookTips-拿本模块 */ = {
			isa = PBXGroup;
			children = (
				B24B8F7F1CCB66010082E944 /* View */,
				B24B8F7E1CCB65F60082E944 /* Controller */,
			);
			name = "BookTips-拿本模块";
			sourceTree = "<group>";
		};
		B2D43F631CC4DB15003519EC /* MyCharts-统计模块 */ = {
			isa = PBXGroup;
			children = (
				B2D43F691CC4DB56003519EC /* MyChartsViewController.swift */,
			);
			name = "MyCharts-统计模块";
			sourceTree = "<group>";
		};
		B2E41F461CC29A4F006C541F = {
			isa = PBXGroup;
			children = (
				B2E41F511CC29A4F006C541F /* 驾照轻松考 */,
				B2E41F661CC29A4F006C541F /* 驾照轻松考Tests */,
				B2E41F711CC29A4F006C541F /* 驾照轻松考UITests */,
				B2E41F501CC29A4F006C541F /* Products */,
				F8583823D824DFED8DA99387 /* Pods */,
				F44F629A6313470555909949 /* Frameworks */,
			);
			sourceTree = "<group>";
		};
		B2E41F501CC29A4F006C541F /* Products */ = {
			isa = PBXGroup;
			children = (
				B2E41F4F1CC29A4F006C541F /* 驾照轻松考.app */,
				B2E41F631CC29A4F006C541F /* 驾照轻松考Tests.xctest */,
				B2E41F6E1CC29A4F006C541F /* 驾照轻松考UITests.xctest */,
			);
			name = Products;
			sourceTree = "<group>";
		};
		B2E41F511CC29A4F006C541F /* 驾照轻松考 */ = {
			isa = PBXGroup;
			children = (
				B2D43F1F1CC3CD5F003519EC /* Test-主答题模块 */,
				B2D43F631CC4DB15003519EC /* MyCharts-统计模块 */,
				B2D43F611CC4DAFE003519EC /* Video-视频模块 */,
				B2D43F621CC4DB0D003519EC /* BookTips-拿本模块 */,
				B24B8F771CCB501E0082E944 /* Team-小组模块 */,
				B2D43F271CC3CDBB003519EC /* Main */,
				B2D43F261CC3CDB6003519EC /* Tools */,
				B2D43F231CC3CD9A003519EC /* Resource */,
				B2E41F521CC29A4F006C541F /* AppDelegate.swift */,
				B2E41F561CC29A4F006C541F /* Main.storyboard */,
				B2E41F5B1CC29A4F006C541F /* LaunchScreen.storyboard */,
				B2E41F591CC29A4F006C541F /* Assets.xcassets */,
				B2E41F5E1CC29A4F006C541F /* Info.plist */,
			);
			path = "驾照轻松考";
			sourceTree = "<group>";
		};
		B2E41F661CC29A4F006C541F /* 驾照轻松考Tests */ = {
			isa = PBXGroup;
			children = (
				B2E41F671CC29A4F006C541F /* _____Tests.swift */,
				B2E41F691CC29A4F006C541F /* Info.plist */,
			);
			path = "驾照轻松考Tests";
			sourceTree = "<group>";
		};
		B2E41F711CC29A4F006C541F /* 驾照轻松考UITests */ = {
			isa = PBXGroup;
			children = (
				B2E41F721CC29A4F006C541F /* _____UITests.swift */,
				B2E41F741CC29A4F006C541F /* Info.plist */,
			);
			path = "驾照轻松考UITests";
			sourceTree = "<group>";
		};
		F44F629A6313470555909949 /* Frameworks */ = {
			isa = PBXGroup;
			children = (
				6026C0A486E4E17BD842665F /* Pods.framework */,
			);
			name = Frameworks;
			sourceTree = "<group>";
		};
		F8583823D824DFED8DA99387 /* Pods */ = {
			isa = PBXGroup;
			children = (
				EBE24CE784EF51AE17B64BAA /* Pods.debug.xcconfig */,
				30863A58341ECFE735A986A6 /* Pods.release.xcconfig */,
			);
			name = Pods;
			sourceTree = "<group>";
		};
/* End PBXGroup section */

/* Begin PBXNativeTarget section */
		B2E41F4E1CC29A4F006C541F /* 驾照轻松考 */ = {
			isa = PBXNativeTarget;
			buildConfigurationList = B2E41F771CC29A4F006C541F /* Build configuration list for PBXNativeTarget "驾照轻松考" */;
			buildPhases = (
				7FDD7DC8693029399C9A76AF /* Check Pods Manifest.lock */,
				B2E41F4B1CC29A4F006C541F /* Sources */,
				B2E41F4C1CC29A4F006C541F /* Frameworks */,
				B2E41F4D1CC29A4F006C541F /* Resources */,
				28CA6F2A258F8393BA5ECA9C /* Embed Pods Frameworks */,
				6B397DB9BC644CA265E81858 /* Copy Pods Resources */,
			);
			buildRules = (
			);
			dependencies = (
			);
			name = "驾照轻松考";
			productName = "驾照轻松考";
			productReference = B2E41F4F1CC29A4F006C541F /* 驾照轻松考.app */;
			productType = "com.apple.product-type.application";
		};
		B2E41F621CC29A4F006C541F /* 驾照轻松考Tests */ = {
			isa = PBXNativeTarget;
			buildConfigurationList = B2E41F7A1CC29A4F006C541F /* Build configuration list for PBXNativeTarget "驾照轻松考Tests" */;
			buildPhases = (
				B2E41F5F1CC29A4F006C541F /* Sources */,
				B2E41F601CC29A4F006C541F /* Frameworks */,
				B2E41F611CC29A4F006C541F /* Resources */,
			);
			buildRules = (
			);
			dependencies = (
				B2E41F651CC29A4F006C541F /* PBXTargetDependency */,
			);
			name = "驾照轻松考Tests";
			productName = "驾照轻松考Tests";
			productReference = B2E41F631CC29A4F006C541F /* 驾照轻松考Tests.xctest */;
			productType = "com.apple.product-type.bundle.unit-test";
		};
		B2E41F6D1CC29A4F006C541F /* 驾照轻松考UITests */ = {
			isa = PBXNativeTarget;
			buildConfigurationList = B2E41F7D1CC29A4F006C541F /* Build configuration list for PBXNativeTarget "驾照轻松考UITests" */;
			buildPhases = (
				B2E41F6A1CC29A4F006C541F /* Sources */,
				B2E41F6B1CC29A4F006C541F /* Frameworks */,
				B2E41F6C1CC29A4F006C541F /* Resources */,
			);
			buildRules = (
			);
			dependencies = (
				B2E41F701CC29A4F006C541F /* PBXTargetDependency */,
			);
			name = "驾照轻松考UITests";
			productName = "驾照轻松考UITests";
			productReference = B2E41F6E1CC29A4F006C541F /* 驾照轻松考UITests.xctest */;
			productType = "com.apple.product-type.bundle.ui-testing";
		};
/* End PBXNativeTarget section */

/* Begin PBXProject section */
		B2E41F471CC29A4F006C541F /* Project object */ = {
			isa = PBXProject;
			attributes = {
				LastSwiftUpdateCheck = 0730;
				LastUpgradeCheck = 0730;
				ORGANIZATIONNAME = "卢良潇";
				TargetAttributes = {
					B2E41F4E1CC29A4F006C541F = {
						CreatedOnToolsVersion = 7.3;
						DevelopmentTeam = HQJ5Y44Q9H;
					};
					B2E41F621CC29A4F006C541F = {
						CreatedOnToolsVersion = 7.3;
						DevelopmentTeam = HQJ5Y44Q9H;
						TestTargetID = B2E41F4E1CC29A4F006C541F;
					};
					B2E41F6D1CC29A4F006C541F = {
						CreatedOnToolsVersion = 7.3;
						DevelopmentTeam = HQJ5Y44Q9H;
						TestTargetID = B2E41F4E1CC29A4F006C541F;
					};
				};
			};
			buildConfigurationList = B2E41F4A1CC29A4F006C541F /* Build configuration list for PBXProject "驾照轻松考" */;
			compatibilityVersion = "Xcode 3.2";
			developmentRegion = English;
			hasScannedForEncodings = 0;
			knownRegions = (
				en,
				Base,
			);
			mainGroup = B2E41F461CC29A4F006C541F;
			productRefGroup = B2E41F501CC29A4F006C541F /* Products */;
			projectDirPath = "";
			projectRoot = "";
			targets = (
				B2E41F4E1CC29A4F006C541F /* 驾照轻松考 */,
				B2E41F621CC29A4F006C541F /* 驾照轻松考Tests */,
				B2E41F6D1CC29A4F006C541F /* 驾照轻松考UITests */,
			);
		};
/* End PBXProject section */

/* Begin PBXResourcesBuildPhase section */
		B2E41F4D1CC29A4F006C541F /* Resources */ = {
			isa = PBXResourcesBuildPhase;
			buildActionMask = 2147483647;
			files = (
				B252C0AF1CCA4F6900CBBB68 /* shipin.mp4 in Resources */,
				B2D43F321CC3DA5F003519EC /* data.sqlite in Resources */,
				B2E41F5D1CC29A4F006C541F /* LaunchScreen.storyboard in Resources */,
				B252C0A71CCA011300CBBB68 /* TipsText.json in Resources */,
				B24AA1891CC6738D001B67D3 /* backItemImage_hl@2x.png in Resources */,
				B24AA1881CC6738D001B67D3 /* backItemImage@2x.png in Resources */,
				B2D43F3E1CC489AF003519EC /* UIChooseAnswerTableViewCell.xib in Resources */,
				B2E41F5A1CC29A4F006C541F /* Assets.xcassets in Resources */,
				B2E41F581CC29A4F006C541F /* Main.storyboard in Resources */,
			);
			runOnlyForDeploymentPostprocessing = 0;
		};
		B2E41F611CC29A4F006C541F /* Resources */ = {
			isa = PBXResourcesBuildPhase;
			buildActionMask = 2147483647;
			files = (
			);
			runOnlyForDeploymentPostprocessing = 0;
		};
		B2E41F6C1CC29A4F006C541F /* Resources */ = {
			isa = PBXResourcesBuildPhase;
			buildActionMask = 2147483647;
			files = (
			);
			runOnlyForDeploymentPostprocessing = 0;
		};
/* End PBXResourcesBuildPhase section */

/* Begin PBXShellScriptBuildPhase section */
		28CA6F2A258F8393BA5ECA9C /* Embed Pods Frameworks */ = {
			isa = PBXShellScriptBuildPhase;
			buildActionMask = 2147483647;
			files = (
			);
			inputPaths = (
			);
			name = "Embed Pods Frameworks";
			outputPaths = (
			);
			runOnlyForDeploymentPostprocessing = 0;
			shellPath = /bin/sh;
			shellScript = "\"${SRCROOT}/Pods/Target Support Files/Pods/Pods-frameworks.sh\"\n";
			showEnvVarsInLog = 0;
		};
		6B397DB9BC644CA265E81858 /* Copy Pods Resources */ = {
			isa = PBXShellScriptBuildPhase;
			buildActionMask = 2147483647;
			files = (
			);
			inputPaths = (
			);
			name = "Copy Pods Resources";
			outputPaths = (
			);
			runOnlyForDeploymentPostprocessing = 0;
			shellPath = /bin/sh;
			shellScript = "\"${SRCROOT}/Pods/Target Support Files/Pods/Pods-resources.sh\"\n";
			showEnvVarsInLog = 0;
		};
		7FDD7DC8693029399C9A76AF /* Check Pods Manifest.lock */ = {
			isa = PBXShellScriptBuildPhase;
			buildActionMask = 2147483647;
			files = (
			);
			inputPaths = (
			);
			name = "Check Pods Manifest.lock";
			outputPaths = (
			);
			runOnlyForDeploymentPostprocessing = 0;
			shellPath = /bin/sh;
			shellScript = "diff \"${PODS_ROOT}/../Podfile.lock\" \"${PODS_ROOT}/Manifest.lock\" > /dev/null\nif [[ $? != 0 ]] ; then\n    cat << EOM\nerror: The sandbox is not in sync with the Podfile.lock. Run 'pod install' or update your CocoaPods installation.\nEOM\n    exit 1\nfi\n";
			showEnvVarsInLog = 0;
		};
/* End PBXShellScriptBuildPhase section */

/* Begin PBXSourcesBuildPhase section */
		B2E41F4B1CC29A4F006C541F /* Sources */ = {
			isa = PBXSourcesBuildPhase;
			buildActionMask = 2147483647;
			files = (
				B2E41F531CC29A4F006C541F /* AppDelegate.swift in Sources */,
				B2D43F2C1CC3D141003519EC /* SubjectName.swift in Sources */,
				B2E41F811CC29B2D006C541F /* HomeViewController.swift in Sources */,
				B2D43F2E1CC3D164003519EC /* Answer.swift in Sources */,
				B2D43F341CC3E46F003519EC /* ChooseChapterTableViewController.swift in Sources */,
				B2D43F401CC4959C003519EC /* AnswerManager.swift in Sources */,
				B2D43F5E1CC4D96F003519EC /* YZFlowLayout.m in Sources */,
				B24AA18C1CC6738D001B67D3 /* RxWebViewController.m in Sources */,
				B252C0B31CCB0C5300CBBB68 /* ExamScoreViewController.swift in Sources */,
				B252C0A21CC9CD2F00CBBB68 /* BookTipsTableViewCell.swift in Sources */,
				B252C0B61CCB390400CBBB68 /* NotificationViewController.swift in Sources */,
				B2D43F3A1CC4768A003519EC /* TestScrollView.swift in Sources */,
				B2D43F5C1CC4D96F003519EC /* YZDisplayTitleLabel.m in Sources */,
				B2D43F301CC3D186003519EC /* SubChapter.swift in Sources */,
				B252C0A41CC9FECA00CBBB68 /* BookTipsDetailViewController.swift in Sources */,
				B2D43F5B1CC4D96F003519EC /* UIView+Frame.m in Sources */,
				B252C0AB1CCA259100CBBB68 /* CollectionHeaderView.swift in Sources */,
				B2D43F381CC46E5B003519EC /* ChooseChapterTableViewCell.swift in Sources */,
				B24AA18D1CC6738D001B67D3 /* RxWebViewNavigationViewController.m in Sources */,
				B2D43F681CC4DB4D003519EC /* BookTipsController.swift in Sources */,
				B2D43F3D1CC489AF003519EC /* UIChooseAnswerTableViewCell.swift in Sources */,
				B252C0A91CCA1B1E00CBBB68 /* VideoCollectionViewCell.swift in Sources */,
				B23E08481CC3B42E00AA0C95 /* ChooseTestTableViewController.swift in Sources */,
				B2D43F661CC4DB40003519EC /* VideoViewController.swift in Sources */,
				B24B8F791CCB50320082E944 /* TeamViewController.swift in Sources */,
				B24AA18A1CC6738D001B67D3 /* NJKWebViewProgress.m in Sources */,
				B2E41F831CC29B59006C541F /* LeftMenuViewController.swift in Sources */,
				B2D43F6A1CC4DB56003519EC /* MyChartsViewController.swift in Sources */,
				B2D43F5D1CC4D96F003519EC /* YZDisplayViewController.m in Sources */,
				B2D43F2A1CC3CDFC003519EC /* DataBaseManager.swift in Sources */,
				B24AA18B1CC6738D001B67D3 /* NJKWebViewProgressView.m in Sources */,
				B2D43F421CC4A2EA003519EC /* MainTestViewController.swift in Sources */,
				B252C0B11CCA6EFE00CBBB68 /* SimulationExamViewController.swift in Sources */,
				B2D43F361CC46CB4003519EC /* UIColor+Extension.swift in Sources */,
				B2D43F601CC4D9B6003519EC /* MainViewController.swift in Sources */,
			);
			runOnlyForDeploymentPostprocessing = 0;
		};
		B2E41F5F1CC29A4F006C541F /* Sources */ = {
			isa = PBXSourcesBuildPhase;
			buildActionMask = 2147483647;
			files = (
				B2E41F681CC29A4F006C541F /* _____Tests.swift in Sources */,
			);
			runOnlyForDeploymentPostprocessing = 0;
		};
		B2E41F6A1CC29A4F006C541F /* Sources */ = {
			isa = PBXSourcesBuildPhase;
			buildActionMask = 2147483647;
			files = (
				B2E41F731CC29A4F006C541F /* _____UITests.swift in Sources */,
			);
			runOnlyForDeploymentPostprocessing = 0;
		};
/* End PBXSourcesBuildPhase section */

/* Begin PBXTargetDependency section */
		B2E41F651CC29A4F006C541F /* PBXTargetDependency */ = {
			isa = PBXTargetDependency;
			target = B2E41F4E1CC29A4F006C541F /* 驾照轻松考 */;
			targetProxy = B2E41F641CC29A4F006C541F /* PBXContainerItemProxy */;
		};
		B2E41F701CC29A4F006C541F /* PBXTargetDependency */ = {
			isa = PBXTargetDependency;
			target = B2E41F4E1CC29A4F006C541F /* 驾照轻松考 */;
			targetProxy = B2E41F6F1CC29A4F006C541F /* PBXContainerItemProxy */;
		};
/* End PBXTargetDependency section */

/* Begin PBXVariantGroup section */
		B2E41F561CC29A4F006C541F /* Main.storyboard */ = {
			isa = PBXVariantGroup;
			children = (
				B2E41F571CC29A4F006C541F /* Base */,
			);
			name = Main.storyboard;
			sourceTree = "<group>";
		};
		B2E41F5B1CC29A4F006C541F /* LaunchScreen.storyboard */ = {
			isa = PBXVariantGroup;
			children = (
				B2E41F5C1CC29A4F006C541F /* Base */,
			);
			name = LaunchScreen.storyboard;
			sourceTree = "<group>";
		};
/* End PBXVariantGroup section */

/* Begin XCBuildConfiguration section */
		B2E41F751CC29A4F006C541F /* Debug */ = {
			isa = XCBuildConfiguration;
			buildSettings = {
				ALWAYS_SEARCH_USER_PATHS = NO;
				CLANG_ANALYZER_NONNULL = YES;
				CLANG_CXX_LANGUAGE_STANDARD = "gnu++0x";
				CLANG_CXX_LIBRARY = "libc++";
				CLANG_ENABLE_MODULES = YES;
				CLANG_ENABLE_OBJC_ARC = YES;
				CLANG_WARN_BOOL_CONVERSION = YES;
				CLANG_WARN_CONSTANT_CONVERSION = YES;
				CLANG_WARN_DIRECT_OBJC_ISA_USAGE = YES_ERROR;
				CLANG_WARN_EMPTY_BODY = YES;
				CLANG_WARN_ENUM_CONVERSION = YES;
				CLANG_WARN_INT_CONVERSION = YES;
				CLANG_WARN_OBJC_ROOT_CLASS = YES_ERROR;
				CLANG_WARN_UNREACHABLE_CODE = YES;
				CLANG_WARN__DUPLICATE_METHOD_MATCH = YES;
				"CODE_SIGN_IDENTITY[sdk=iphoneos*]" = "iPhone Developer";
				COPY_PHASE_STRIP = NO;
				DEBUG_INFORMATION_FORMAT = dwarf;
				ENABLE_STRICT_OBJC_MSGSEND = YES;
				ENABLE_TESTABILITY = YES;
				GCC_C_LANGUAGE_STANDARD = gnu99;
				GCC_DYNAMIC_NO_PIC = NO;
				GCC_NO_COMMON_BLOCKS = YES;
				GCC_OPTIMIZATION_LEVEL = 0;
				GCC_PREPROCESSOR_DEFINITIONS = (
					"DEBUG=1",
					"$(inherited)",
				);
				GCC_WARN_64_TO_32_BIT_CONVERSION = YES;
				GCC_WARN_ABOUT_RETURN_TYPE = YES_ERROR;
				GCC_WARN_UNDECLARED_SELECTOR = YES;
				GCC_WARN_UNINITIALIZED_AUTOS = YES_AGGRESSIVE;
				GCC_WARN_UNUSED_FUNCTION = YES;
				GCC_WARN_UNUSED_VARIABLE = YES;
				IPHONEOS_DEPLOYMENT_TARGET = 9.3;
				MTL_ENABLE_DEBUG_INFO = YES;
				ONLY_ACTIVE_ARCH = YES;
				SDKROOT = iphoneos;
				SWIFT_OPTIMIZATION_LEVEL = "-Onone";
				TARGETED_DEVICE_FAMILY = "1,2";
			};
			name = Debug;
		};
		B2E41F761CC29A4F006C541F /* Release */ = {
			isa = XCBuildConfiguration;
			buildSettings = {
				ALWAYS_SEARCH_USER_PATHS = NO;
				CLANG_ANALYZER_NONNULL = YES;
				CLANG_CXX_LANGUAGE_STANDARD = "gnu++0x";
				CLANG_CXX_LIBRARY = "libc++";
				CLANG_ENABLE_MODULES = YES;
				CLANG_ENABLE_OBJC_ARC = YES;
				CLANG_WARN_BOOL_CONVERSION = YES;
				CLANG_WARN_CONSTANT_CONVERSION = YES;
				CLANG_WARN_DIRECT_OBJC_ISA_USAGE = YES_ERROR;
				CLANG_WARN_EMPTY_BODY = YES;
				CLANG_WARN_ENUM_CONVERSION = YES;
				CLANG_WARN_INT_CONVERSION = YES;
				CLANG_WARN_OBJC_ROOT_CLASS = YES_ERROR;
				CLANG_WARN_UNREACHABLE_CODE = YES;
				CLANG_WARN__DUPLICATE_METHOD_MATCH = YES;
				"CODE_SIGN_IDENTITY[sdk=iphoneos*]" = "iPhone Developer";
				COPY_PHASE_STRIP = NO;
				DEBUG_INFORMATION_FORMAT = "dwarf-with-dsym";
				ENABLE_NS_ASSERTIONS = NO;
				ENABLE_STRICT_OBJC_MSGSEND = YES;
				GCC_C_LANGUAGE_STANDARD = gnu99;
				GCC_NO_COMMON_BLOCKS = YES;
				GCC_WARN_64_TO_32_BIT_CONVERSION = YES;
				GCC_WARN_ABOUT_RETURN_TYPE = YES_ERROR;
				GCC_WARN_UNDECLARED_SELECTOR = YES;
				GCC_WARN_UNINITIALIZED_AUTOS = YES_AGGRESSIVE;
				GCC_WARN_UNUSED_FUNCTION = YES;
				GCC_WARN_UNUSED_VARIABLE = YES;
				IPHONEOS_DEPLOYMENT_TARGET = 9.3;
				MTL_ENABLE_DEBUG_INFO = NO;
				SDKROOT = iphoneos;
				TARGETED_DEVICE_FAMILY = "1,2";
				VALIDATE_PRODUCT = YES;
			};
			name = Release;
		};
		B2E41F781CC29A4F006C541F /* Debug */ = {
			isa = XCBuildConfiguration;
			baseConfigurationReference = EBE24CE784EF51AE17B64BAA /* Pods.debug.xcconfig */;
			buildSettings = {
				ASSETCATALOG_COMPILER_APPICON_NAME = AppIcon;
				INFOPLIST_FILE = "驾照轻松考/Info.plist";
				IPHONEOS_DEPLOYMENT_TARGET = 8.2;
				LD_RUNPATH_SEARCH_PATHS = "$(inherited) @executable_path/Frameworks";
				PRODUCT_BUNDLE_IDENTIFIER = "llx.-----";
				PRODUCT_NAME = "$(TARGET_NAME)";
				SWIFT_OBJC_BRIDGING_HEADER = "驾照轻松考/Swift-Bridge.h";
			};
			name = Debug;
		};
		B2E41F791CC29A4F006C541F /* Release */ = {
			isa = XCBuildConfiguration;
			baseConfigurationReference = 30863A58341ECFE735A986A6 /* Pods.release.xcconfig */;
			buildSettings = {
				ASSETCATALOG_COMPILER_APPICON_NAME = AppIcon;
				INFOPLIST_FILE = "驾照轻松考/Info.plist";
				IPHONEOS_DEPLOYMENT_TARGET = 8.2;
				LD_RUNPATH_SEARCH_PATHS = "$(inherited) @executable_path/Frameworks";
				PRODUCT_BUNDLE_IDENTIFIER = "llx.-----";
				PRODUCT_NAME = "$(TARGET_NAME)";
				SWIFT_OBJC_BRIDGING_HEADER = "驾照轻松考/Swift-Bridge.h";
			};
			name = Release;
		};
		B2E41F7B1CC29A4F006C541F /* Debug */ = {
			isa = XCBuildConfiguration;
			buildSettings = {
				BUNDLE_LOADER = "$(TEST_HOST)";
				INFOPLIST_FILE = "驾照轻松考Tests/Info.plist";
				LD_RUNPATH_SEARCH_PATHS = "$(inherited) @executable_path/Frameworks @loader_path/Frameworks";
				PRODUCT_BUNDLE_IDENTIFIER = "llx.-----Tests";
				PRODUCT_NAME = "$(TARGET_NAME)";
				TEST_HOST = "$(BUILT_PRODUCTS_DIR)/驾照轻松考.app/驾照轻松考";
			};
			name = Debug;
		};
		B2E41F7C1CC29A4F006C541F /* Release */ = {
			isa = XCBuildConfiguration;
			buildSettings = {
				BUNDLE_LOADER = "$(TEST_HOST)";
				INFOPLIST_FILE = "驾照轻松考Tests/Info.plist";
				LD_RUNPATH_SEARCH_PATHS = "$(inherited) @executable_path/Frameworks @loader_path/Frameworks";
				PRODUCT_BUNDLE_IDENTIFIER = "llx.-----Tests";
				PRODUCT_NAME = "$(TARGET_NAME)";
				TEST_HOST = "$(BUILT_PRODUCTS_DIR)/驾照轻松考.app/驾照轻松考";
			};
			name = Release;
		};
		B2E41F7E1CC29A4F006C541F /* Debug */ = {
			isa = XCBuildConfiguration;
			buildSettings = {
				INFOPLIST_FILE = "驾照轻松考UITests/Info.plist";
				LD_RUNPATH_SEARCH_PATHS = "$(inherited) @executable_path/Frameworks @loader_path/Frameworks";
				PRODUCT_BUNDLE_IDENTIFIER = "llx.-----UITests";
				PRODUCT_NAME = "$(TARGET_NAME)";
				TEST_TARGET_NAME = "驾照轻松考";
			};
			name = Debug;
		};
		B2E41F7F1CC29A4F006C541F /* Release */ = {
			isa = XCBuildConfiguration;
			buildSettings = {
				INFOPLIST_FILE = "驾照轻松考UITests/Info.plist";
				LD_RUNPATH_SEARCH_PATHS = "$(inherited) @executable_path/Frameworks @loader_path/Frameworks";
				PRODUCT_BUNDLE_IDENTIFIER = "llx.-----UITests";
				PRODUCT_NAME = "$(TARGET_NAME)";
				TEST_TARGET_NAME = "驾照轻松考";
			};
			name = Release;
		};
/* End XCBuildConfiguration section */

/* Begin XCConfigurationList section */
		B2E41F4A1CC29A4F006C541F /* Build configuration list for PBXProject "驾照轻松考" */ = {
			isa = XCConfigurationList;
			buildConfigurations = (
				B2E41F751CC29A4F006C541F /* Debug */,
				B2E41F761CC29A4F006C541F /* Release */,
			);
			defaultConfigurationIsVisible = 0;
			defaultConfigurationName = Release;
		};
		B2E41F771CC29A4F006C541F /* Build configuration list for PBXNativeTarget "驾照轻松考" */ = {
			isa = XCConfigurationList;
			buildConfigurations = (
				B2E41F781CC29A4F006C541F /* Debug */,
				B2E41F791CC29A4F006C541F /* Release */,
			);
			defaultConfigurationIsVisible = 0;
			defaultConfigurationName = Release;
		};
		B2E41F7A1CC29A4F006C541F /* Build configuration list for PBXNativeTarget "驾照轻松考Tests" */ = {
			isa = XCConfigurationList;
			buildConfigurations = (
				B2E41F7B1CC29A4F006C541F /* Debug */,
				B2E41F7C1CC29A4F006C541F /* Release */,
			);
			defaultConfigurationIsVisible = 0;
			defaultConfigurationName = Release;
		};
		B2E41F7D1CC29A4F006C541F /* Build configuration list for PBXNativeTarget "驾照轻松考UITests" */ = {
			isa = XCConfigurationList;
			buildConfigurations = (
				B2E41F7E1CC29A4F006C541F /* Debug */,
				B2E41F7F1CC29A4F006C541F /* Release */,
			);
			defaultConfigurationIsVisible = 0;
			defaultConfigurationName = Release;
		};
/* End XCConfigurationList section */
	};
	rootObject = B2E41F471CC29A4F006C541F /* Project object */;
}
