<?xml version="1.0" encoding="UTF-8"?>
<Scheme
   LastUpgradeVersion = "0730"
   version = "1.3">
   <BuildAction
      parallelizeBuildables = "YES"
      buildImplicitDependencies = "YES">
      <BuildActionEntries>
         <BuildActionEntry
            buildForTesting = "YES"
            buildForRunning = "YES"
            buildForProfiling = "YES"
            buildForArchiving = "YES"
            buildForAnalyzing = "YES">
            <BuildableReference
               BuildableIdentifier = "primary"
               BlueprintIdentifier = "B2E41F4E1CC29A4F006C541F"
               BuildableName = "&#x9a7e;&#x7167;&#x8f7b;&#x677e;&#x8003;.app"
               BlueprintName = "&#x9a7e;&#x7167;&#x8f7b;&#x677e;&#x8003;"
               ReferencedContainer = "container:&#x9a7e;&#x7167;&#x8f7b;&#x677e;&#x8003;.xcodeproj">
            </BuildableReference>
         </BuildActionEntry>
      </BuildActionEntries>
   </BuildAction>
   <TestAction
      buildConfiguration = "Debug"
      selectedDebuggerIdentifier = "Xcode.DebuggerFoundation.Debugger.LLDB"
      selectedLauncherIdentifier = "Xcode.DebuggerFoundation.Launcher.LLDB"
      shouldUseLaunchSchemeArgsEnv = "YES">
      <Testables>
         <TestableReference
            skipped = "NO">
            <BuildableReference
               BuildableIdentifier = "primary"
               BlueprintIdentifier = "B2E41F621CC29A4F006C541F"
               BuildableName = "&#x9a7e;&#x7167;&#x8f7b;&#x677e;&#x8003;Tests.xctest"
               BlueprintName = "&#x9a7e;&#x7167;&#x8f7b;&#x677e;&#x8003;Tests"
               ReferencedContainer = "container:&#x9a7e;&#x7167;&#x8f7b;&#x677e;&#x8003;.xcodeproj">
            </BuildableReference>
         </TestableReference>
         <TestableReference
            skipped = "NO">
            <BuildableReference
               BuildableIdentifier = "primary"
               BlueprintIdentifier = "B2E41F6D1CC29A4F006C541F"
               BuildableName = "&#x9a7e;&#x7167;&#x8f7b;&#x677e;&#x8003;UITests.xctest"
               BlueprintName = "&#x9a7e;&#x7167;&#x8f7b;&#x677e;&#x8003;UITests"
               ReferencedContainer = "container:&#x9a7e;&#x7167;&#x8f7b;&#x677e;&#x8003;.xcodeproj">
            </BuildableReference>
         </TestableReference>
      </Testables>
      <MacroExpansion>
         <BuildableReference
            BuildableIdentifier = "primary"
            BlueprintIdentifier = "B2E41F4E1CC29A4F006C541F"
            BuildableName = "&#x9a7e;&#x7167;&#x8f7b;&#x677e;&#x8003;.app"
            BlueprintName = "&#x9a7e;&#x7167;&#x8f7b;&#x677e;&#x8003;"
            ReferencedContainer = "container:&#x9a7e;&#x7167;&#x8f7b;&#x677e;&#x8003;.xcodeproj">
         </BuildableReference>
      </MacroExpansion>
      <AdditionalOptions>
      </AdditionalOptions>
   </TestAction>
   <LaunchAction
      buildConfiguration = "Debug"
      selectedDebuggerIdentifier = "Xcode.DebuggerFoundation.Debugger.LLDB"
      selectedLauncherIdentifier = "Xcode.DebuggerFoundation.Launcher.LLDB"
      launchStyle = "0"
      useCustomWorkingDirectory = "NO"
      ignoresPersistentStateOnLaunch = "NO"
      debugDocumentVersioning = "YES"
      debugServiceExtension = "internal"
      allowLocationSimulation = "YES">
      <BuildableProductRunnable
         runnableDebuggingMode = "0">
         <BuildableReference
            BuildableIdentifier = "primary"
            BlueprintIdentifier = "B2E41F4E1CC29A4F006C541F"
            BuildableName = "&#x9a7e;&#x7167;&#x8f7b;&#x677e;&#x8003;.app"
            BlueprintName = "&#x9a7e;&#x7167;&#x8f7b;&#x677e;&#x8003;"
            ReferencedContainer = "container:&#x9a7e;&#x7167;&#x8f7b;&#x677e;&#x8003;.xcodeproj">
         </BuildableReference>
      </BuildableProductRunnable>
      <AdditionalOptions>
      </AdditionalOptions>
   </LaunchAction>
   <ProfileAction
      buildConfiguration = "Release"
      shouldUseLaunchSchemeArgsEnv = "YES"
      savedToolIdentifier = ""
      useCustomWorkingDirectory = "NO"
      debugDocumentVersioning = "YES">
      <BuildableProductRunnable
         runnableDebuggingMode = "0">
         <BuildableReference
            BuildableIdentifier = "primary"
            BlueprintIdentifier = "B2E41F4E1CC29A4F006C541F"
            BuildableName = "&#x9a7e;&#x7167;&#x8f7b;&#x677e;&#x8003;.app"
            BlueprintName = "&#x9a7e;&#x7167;&#x8f7b;&#x677e;&#x8003;"
            ReferencedContainer = "container:&#x9a7e;&#x7167;&#x8f7b;&#x677e;&#x8003;.xcodeproj">
         </BuildableReference>
      </BuildableProductRunnable>
   </ProfileAction>
   <AnalyzeAction
      buildConfiguration = "Debug">
   </AnalyzeAction>
   <ArchiveAction
      buildConfiguration = "Release"
      revealArchiveInOrganizer = "YES">
   </ArchiveAction>
</Scheme>
